
Microsoft Visual Studio Solution File, Format Version 12.00
# Visual Studio 2013
VisualStudioVersion = 12.0.31101.0
MinimumVisualStudioVersion = 10.0.40219.1
Project("{FAE04EC0-301F-11D3-BF4B-00C04F79EFBC}") = "MSCoE.Web", "MSCoE.Web\MSCoE.Web.csproj", "{42EDA470-CD6D-480F-88B0-993009CDA9CA}"
EndProject
Project("{FAE04EC0-301F-11D3-BF4B-00C04F79EFBC}") = "MSCoE.Web.Tests", "MSCoE.Web.Tests\MSCoE.Web.Tests.csproj", "{64E1A9E4-E621-4749-9255-AAE8CB56F86E}"
EndProject
Project("{2150E333-8FDC-42A3-9474-1A3956D46DE8}") = "Web", "Web", "{25A24F87-4319-4859-B503-9498FC51B571}"
EndProject
Project("{2150E333-8FDC-42A3-9474-1A3956D46DE8}") = "Tests", "Tests", "{ED26D9D8-2C08-4A15-8680-845BE1122BE1}"
EndProject
Project("{2150E333-8FDC-42A3-9474-1A3956D46DE8}") = "Core", "Core", "{87844302-346D-45D8-899D-3C6B3C7DC202}"
EndProject
Project("{2150E333-8FDC-42A3-9474-1A3956D46DE8}") = "Business", "Business", "{8F056DD8-FAEE-4E4F-A055-D745CB37F32E}"
EndProject
Project("{2150E333-8FDC-42A3-9474-1A3956D46DE8}") = "Infrastructure", "Infrastructure", "{38FB1253-80B7-4398-A899-D98E0C931567}"
EndProject
Project("{FAE04EC0-301F-11D3-BF4B-00C04F79EFBC}") = "MSCoE.Data", "MSCoE.Data\MSCoE.Data.csproj", "{694CCC94-2CDA-477F-B8F9-D2C8C238EE69}"
EndProject
Global
	GlobalSection(SolutionConfigurationPlatforms) = preSolution
		Debug|Any CPU = Debug|Any CPU
		Release|Any CPU = Release|Any CPU
	EndGlobalSection
	GlobalSection(ProjectConfigurationPlatforms) = postSolution
		{42EDA470-CD6D-480F-88B0-993009CDA9CA}.Debug|Any CPU.ActiveCfg = Debug|Any CPU
		{42EDA470-CD6D-480F-88B0-993009CDA9CA}.Debug|Any CPU.Build.0 = Debug|Any CPU
		{42EDA470-CD6D-480F-88B0-993009CDA9CA}.Release|Any CPU.ActiveCfg = Release|Any CPU
		{42EDA470-CD6D-480F-88B0-993009CDA9CA}.Release|Any CPU.Build.0 = Release|Any CPU
		{64E1A9E4-E621-4749-9255-AAE8CB56F86E}.Debug|Any CPU.ActiveCfg = Debug|Any CPU
		{64E1A9E4-E621-4749-9255-AAE8CB56F86E}.Debug|Any CPU.Build.0 = Debug|Any CPU
		{64E1A9E4-E621-4749-9255-AAE8CB56F86E}.Release|Any CPU.ActiveCfg = Release|Any CPU
		{64E1A9E4-E621-4749-9255-AAE8CB56F86E}.Release|Any CPU.Build.0 = Release|Any CPU
		{694CCC94-2CDA-477F-B8F9-D2C8C238EE69}.Debug|Any CPU.ActiveCfg = Debug|Any CPU
		{694CCC94-2CDA-477F-B8F9-D2C8C238EE69}.Debug|Any CPU.Build.0 = Debug|Any CPU
		{694CCC94-2CDA-477F-B8F9-D2C8C238EE69}.Release|Any CPU.ActiveCfg = Release|Any CPU
		{694CCC94-2CDA-477F-B8F9-D2C8C238EE69}.Release|Any CPU.Build.0 = Release|Any CPU
	EndGlobalSection
	GlobalSection(SolutionProperties) = preSolution
		HideSolutionNode = FALSE
	EndGlobalSection
	GlobalSection(NestedProjects) = preSolution
		{42EDA470-CD6D-480F-88B0-993009CDA9CA} = {25A24F87-4319-4859-B503-9498FC51B571}
		{64E1A9E4-E621-4749-9255-AAE8CB56F86E} = {ED26D9D8-2C08-4A15-8680-845BE1122BE1}
		{694CCC94-2CDA-477F-B8F9-D2C8C238EE69} = {8F056DD8-FAEE-4E4F-A055-D745CB37F32E}
	EndGlobalSection
EndGlobal
